// !$*UTF8*$!
{
	archiveVersion = 1;
	classes = {
	};
	objectVersion = 56;
	objects = {

/* Begin PBXBuildFile section */
		102A6C9A2BFBF37D0005FB8F /* CreateBusiness.swift in Sources */ = {isa = PBXBuildFile; fileRef = 102A6C992BFBF37D0005FB8F /* CreateBusiness.swift */; };
		102A6C9C2BFBF4340005FB8F /* BusinessDataModel.swift in Sources */ = {isa = PBXBuildFile; fileRef = 102A6C9B2BFBF4340005FB8F /* BusinessDataModel.swift */; };
		102A6C9E2BFBFEE00005FB8F /* ShowBusiness.swift in Sources */ = {isa = PBXBuildFile; fileRef = 102A6C9D2BFBFEE00005FB8F /* ShowBusiness.swift */; };
		102A6CA02BFCC3D70005FB8F /* SmallMainWidget.swift in Sources */ = {isa = PBXBuildFile; fileRef = 102A6C9F2BFCC3D70005FB8F /* SmallMainWidget.swift */; };
		102A6CA22BFCC66D0005FB8F /* LargeMainWidget.swift in Sources */ = {isa = PBXBuildFile; fileRef = 102A6CA12BFCC66D0005FB8F /* LargeMainWidget.swift */; };
		102A6CA42BFCCC0C0005FB8F /* HomeView.swift in Sources */ = {isa = PBXBuildFile; fileRef = 102A6CA32BFCCC0C0005FB8F /* HomeView.swift */; };
		102A6CA62BFCCD270005FB8F /* TestView1.swift in Sources */ = {isa = PBXBuildFile; fileRef = 102A6CA52BFCCD270005FB8F /* TestView1.swift */; };
		102A6CA82BFCD7870005FB8F /* CalendarView.swift in Sources */ = {isa = PBXBuildFile; fileRef = 102A6CA72BFCD7870005FB8F /* CalendarView.swift */; };
		10DB6CF42BFBB89200288EB2 /* BusyBuildersApp.swift in Sources */ = {isa = PBXBuildFile; fileRef = 10DB6CF32BFBB89200288EB2 /* BusyBuildersApp.swift */; };
		10DB6CF62BFBB89200288EB2 /* ContentView.swift in Sources */ = {isa = PBXBuildFile; fileRef = 10DB6CF52BFBB89200288EB2 /* ContentView.swift */; };
		10DB6CF82BFBB89400288EB2 /* Assets.xcassets in Resources */ = {isa = PBXBuildFile; fileRef = 10DB6CF72BFBB89400288EB2 /* Assets.xcassets */; };
		10DB6CFB2BFBB89400288EB2 /* Preview Assets.xcassets in Resources */ = {isa = PBXBuildFile; fileRef = 10DB6CFA2BFBB89400288EB2 /* Preview Assets.xcassets */; };
/* End PBXBuildFile section */

/* Begin PBXFileReference section */
		102A6C992BFBF37D0005FB8F /* CreateBusiness.swift */ = {isa = PBXFileReference; lastKnownFileType = sourcecode.swift; path = CreateBusiness.swift; sourceTree = "<group>"; };
		102A6C9B2BFBF4340005FB8F /* BusinessDataModel.swift */ = {isa = PBXFileReference; lastKnownFileType = sourcecode.swift; path = BusinessDataModel.swift; sourceTree = "<group>"; };
		102A6C9D2BFBFEE00005FB8F /* ShowBusiness.swift */ = {isa = PBXFileReference; lastKnownFileType = sourcecode.swift; path = ShowBusiness.swift; sourceTree = "<group>"; };
		102A6C9F2BFCC3D70005FB8F /* SmallMainWidget.swift */ = {isa = PBXFileReference; lastKnownFileType = sourcecode.swift; path = SmallMainWidget.swift; sourceTree = "<group>"; };
		102A6CA12BFCC66D0005FB8F /* LargeMainWidget.swift */ = {isa = PBXFileReference; lastKnownFileType = sourcecode.swift; path = LargeMainWidget.swift; sourceTree = "<group>"; };
		102A6CA32BFCCC0C0005FB8F /* HomeView.swift */ = {isa = PBXFileReference; lastKnownFileType = sourcecode.swift; path = HomeView.swift; sourceTree = "<group>"; };
		102A6CA52BFCCD270005FB8F /* TestView1.swift */ = {isa = PBXFileReference; lastKnownFileType = sourcecode.swift; path = TestView1.swift; sourceTree = "<group>"; };
		102A6CA72BFCD7870005FB8F /* CalendarView.swift */ = {isa = PBXFileReference; lastKnownFileType = sourcecode.swift; path = CalendarView.swift; sourceTree = "<group>"; };
		10DB6CF02BFBB89200288EB2 /* BusyBuilders.app */ = {isa = PBXFileReference; explicitFileType = wrapper.application; includeInIndex = 0; path = BusyBuilders.app; sourceTree = BUILT_PRODUCTS_DIR; };
		10DB6CF32BFBB89200288EB2 /* BusyBuildersApp.swift */ = {isa = PBXFileReference; lastKnownFileType = sourcecode.swift; path = BusyBuildersApp.swift; sourceTree = "<group>"; };
		10DB6CF52BFBB89200288EB2 /* ContentView.swift */ = {isa = PBXFileReference; lastKnownFileType = sourcecode.swift; path = ContentView.swift; sourceTree = "<group>"; };
		10DB6CF72BFBB89400288EB2 /* Assets.xcassets */ = {isa = PBXFileReference; lastKnownFileType = folder.assetcatalog; path = Assets.xcassets; sourceTree = "<group>"; };
		10DB6CFA2BFBB89400288EB2 /* Preview Assets.xcassets */ = {isa = PBXFileReference; lastKnownFileType = folder.assetcatalog; path = "Preview Assets.xcassets"; sourceTree = "<group>"; };
/* End PBXFileReference section */

/* Begin PBXFrameworksBuildPhase section */
		10DB6CED2BFBB89200288EB2 /* Frameworks */ = {
			isa = PBXFrameworksBuildPhase;
			buildActionMask = 2147483647;
			files = (
			);
			runOnlyForDeploymentPostprocessing = 0;
		};
/* End PBXFrameworksBuildPhase section */

/* Begin PBXGroup section */
		10DB6CE72BFBB89200288EB2 = {
			isa = PBXGroup;
			children = (
				10DB6CF22BFBB89200288EB2 /* BusyBuilders */,
				10DB6CF12BFBB89200288EB2 /* Products */,
			);
			sourceTree = "<group>";
		};
		10DB6CF12BFBB89200288EB2 /* Products */ = {
			isa = PBXGroup;
			children = (
				10DB6CF02BFBB89200288EB2 /* BusyBuilders.app */,
			);
			name = Products;
			sourceTree = "<group>";
		};
		10DB6CF22BFBB89200288EB2 /* BusyBuilders */ = {
			isa = PBXGroup;
			children = (
				10DB6CF32BFBB89200288EB2 /* BusyBuildersApp.swift */,
				10DB6CF52BFBB89200288EB2 /* ContentView.swift */,
				102A6CA52BFCCD270005FB8F /* TestView1.swift */,
				102A6CA32BFCCC0C0005FB8F /* HomeView.swift */,
				102A6CA72BFCD7870005FB8F /* CalendarView.swift */,
				102A6C9F2BFCC3D70005FB8F /* SmallMainWidget.swift */,
				102A6CA12BFCC66D0005FB8F /* LargeMainWidget.swift */,
				102A6C9D2BFBFEE00005FB8F /* ShowBusiness.swift */,
				102A6C992BFBF37D0005FB8F /* CreateBusiness.swift */,
				102A6C9B2BFBF4340005FB8F /* BusinessDataModel.swift */,
				10DB6CF72BFBB89400288EB2 /* Assets.xcassets */,
				10DB6CF92BFBB89400288EB2 /* Preview Content */,
			);
			path = BusyBuilders;
			sourceTree = "<group>";
		};
		10DB6CF92BFBB89400288EB2 /* Preview Content */ = {
			isa = PBXGroup;
			children = (
				10DB6CFA2BFBB89400288EB2 /* Preview Assets.xcassets */,
			);
			path = "Preview Content";
			sourceTree = "<group>";
		};
/* End PBXGroup section */

/* Begin PBXNativeTarget section */
		10DB6CEF2BFBB89200288EB2 /* BusyBuilders */ = {
			isa = PBXNativeTarget;
			buildConfigurationList = 10DB6CFE2BFBB89400288EB2 /* Build configuration list for PBXNativeTarget "BusyBuilders" */;
			buildPhases = (
				10DB6CEC2BFBB89200288EB2 /* Sources */,
				10DB6CED2BFBB89200288EB2 /* Frameworks */,
				10DB6CEE2BFBB89200288EB2 /* Resources */,
			);
			buildRules = (
			);
			dependencies = (
			);
			name = BusyBuilders;
			productName = BusyBuilders;
			productReference = 10DB6CF02BFBB89200288EB2 /* BusyBuilders.app */;
			productType = "com.apple.product-type.application";
		};
/* End PBXNativeTarget section */

/* Begin PBXProject section */
		10DB6CE82BFBB89200288EB2 /* Project object */ = {
			isa = PBXProject;
			attributes = {
				BuildIndependentTargetsInParallel = 1;
				LastSwiftUpdateCheck = 1530;
				LastUpgradeCheck = 1530;
				TargetAttributes = {
					10DB6CEF2BFBB89200288EB2 = {
						CreatedOnToolsVersion = 15.3;
					};
				};
			};
			buildConfigurationList = 10DB6CEB2BFBB89200288EB2 /* Build configuration list for PBXProject "BusyBuilders" */;
			compatibilityVersion = "Xcode 14.0";
			developmentRegion = en;
			hasScannedForEncodings = 0;
			knownRegions = (
				en,
				Base,
			);
			mainGroup = 10DB6CE72BFBB89200288EB2;
			productRefGroup = 10DB6CF12BFBB89200288EB2 /* Products */;
			projectDirPath = "";
			projectRoot = "";
			targets = (
				10DB6CEF2BFBB89200288EB2 /* BusyBuilders */,
			);
		};
/* End PBXProject section */

/* Begin PBXResourcesBuildPhase section */
		10DB6CEE2BFBB89200288EB2 /* Resources */ = {
			isa = PBXResourcesBuildPhase;
			buildActionMask = 2147483647;
			files = (
				10DB6CFB2BFBB89400288EB2 /* Preview Assets.xcassets in Resources */,
				10DB6CF82BFBB89400288EB2 /* Assets.xcassets in Resources */,
			);
			runOnlyForDeploymentPostprocessing = 0;
		};
/* End PBXResourcesBuildPhase section */

/* Begin PBXSourcesBuildPhase section */
		10DB6CEC2BFBB89200288EB2 /* Sources */ = {
			isa = PBXSourcesBuildPhase;
			buildActionMask = 2147483647;
			files = (
				102A6CA82BFCD7870005FB8F /* CalendarView.swift in Sources */,
				10DB6CF62BFBB89200288EB2 /* ContentView.swift in Sources */,
				102A6C9C2BFBF4340005FB8F /* BusinessDataModel.swift in Sources */,
				102A6CA02BFCC3D70005FB8F /* SmallMainWidget.swift in Sources */,
				10DB6CF42BFBB89200288EB2 /* BusyBuildersApp.swift in Sources */,
				102A6CA42BFCCC0C0005FB8F /* HomeView.swift in Sources */,
				102A6C9A2BFBF37D0005FB8F /* CreateBusiness.swift in Sources */,
				102A6CA62BFCCD270005FB8F /* TestView1.swift in Sources */,
				102A6C9E2BFBFEE00005FB8F /* ShowBusiness.swift in Sources */,
				102A6CA22BFCC66D0005FB8F /* LargeMainWidget.swift in Sources */,
			);
			runOnlyForDeploymentPostprocessing = 0;
		};
/* End PBXSourcesBuildPhase section */

/* Begin XCBuildConfiguration section */
		10DB6CFC2BFBB89400288EB2 /* Debug */ = {
			isa = XCBuildConfiguration;
			buildSettings = {
				ALWAYS_SEARCH_USER_PATHS = NO;
				ASSETCATALOG_COMPILER_GENERATE_SWIFT_ASSET_SYMBOL_EXTENSIONS = YES;
				CLANG_ANALYZER_NONNULL = YES;
				CLANG_ANALYZER_NUMBER_OBJECT_CONVERSION = YES_AGGRESSIVE;
				CLANG_CXX_LANGUAGE_STANDARD = "gnu++20";
				CLANG_ENABLE_MODULES = YES;
				CLANG_ENABLE_OBJC_ARC = YES;
				CLANG_ENABLE_OBJC_WEAK = YES;
				CLANG_WARN_BLOCK_CAPTURE_AUTORELEASING = YES;
				CLANG_WARN_BOOL_CONVERSION = YES;
				CLANG_WARN_COMMA = YES;
				CLANG_WARN_CONSTANT_CONVERSION = YES;
				CLANG_WARN_DEPRECATED_OBJC_IMPLEMENTATIONS = YES;
				CLANG_WARN_DIRECT_OBJC_ISA_USAGE = YES_ERROR;
				CLANG_WARN_DOCUMENTATION_COMMENTS = YES;
				CLANG_WARN_EMPTY_BODY = YES;
				CLANG_WARN_ENUM_CONVERSION = YES;
				CLANG_WARN_INFINITE_RECURSION = YES;
				CLANG_WARN_INT_CONVERSION = YES;
				CLANG_WARN_NON_LITERAL_NULL_CONVERSION = YES;
				CLANG_WARN_OBJC_IMPLICIT_RETAIN_SELF = YES;
				CLANG_WARN_OBJC_LITERAL_CONVERSION = YES;
				CLANG_WARN_OBJC_ROOT_CLASS = YES_ERROR;
				CLANG_WARN_QUOTED_INCLUDE_IN_FRAMEWORK_HEADER = YES;
				CLANG_WARN_RANGE_LOOP_ANALYSIS = YES;
				CLANG_WARN_STRICT_PROTOTYPES = YES;
				CLANG_WARN_SUSPICIOUS_MOVE = YES;
				CLANG_WARN_UNGUARDED_AVAILABILITY = YES_AGGRESSIVE;
				CLANG_WARN_UNREACHABLE_CODE = YES;
				CLANG_WARN__DUPLICATE_METHOD_MATCH = YES;
				COPY_PHASE_STRIP = NO;
				DEBUG_INFORMATION_FORMAT = dwarf;
				ENABLE_STRICT_OBJC_MSGSEND = YES;
				ENABLE_TESTABILITY = YES;
				ENABLE_USER_SCRIPT_SANDBOXING = YES;
				GCC_C_LANGUAGE_STANDARD = gnu17;
				GCC_DYNAMIC_NO_PIC = NO;
				GCC_NO_COMMON_BLOCKS = YES;
				GCC_OPTIMIZATION_LEVEL = 0;
				GCC_PREPROCESSOR_DEFINITIONS = (
					"DEBUG=1",
					"$(inherited)",
				);
				GCC_WARN_64_TO_32_BIT_CONVERSION = YES;
				GCC_WARN_ABOUT_RETURN_TYPE = YES_ERROR;
				GCC_WARN_UNDECLARED_SELECTOR = YES;
				GCC_WARN_UNINITIALIZED_AUTOS = YES_AGGRESSIVE;
				GCC_WARN_UNUSED_FUNCTION = YES;
				GCC_WARN_UNUSED_VARIABLE = YES;
				IPHONEOS_DEPLOYMENT_TARGET = 17.4;
				LOCALIZATION_PREFERS_STRING_CATALOGS = YES;
				MTL_ENABLE_DEBUG_INFO = INCLUDE_SOURCE;
				MTL_FAST_MATH = YES;
				ONLY_ACTIVE_ARCH = YES;
				SDKROOT = iphoneos;
				SWIFT_ACTIVE_COMPILATION_CONDITIONS = "DEBUG $(inherited)";
				SWIFT_OPTIMIZATION_LEVEL = "-Onone";
			};
			name = Debug;
		};
		10DB6CFD2BFBB89400288EB2 /* Release */ = {
			isa = XCBuildConfiguration;
			buildSettings = {
				ALWAYS_SEARCH_USER_PATHS = NO;
				ASSETCATALOG_COMPILER_GENERATE_SWIFT_ASSET_SYMBOL_EXTENSIONS = YES;
				CLANG_ANALYZER_NONNULL = YES;
				CLANG_ANALYZER_NUMBER_OBJECT_CONVERSION = YES_AGGRESSIVE;
				CLANG_CXX_LANGUAGE_STANDARD = "gnu++20";
				CLANG_ENABLE_MODULES = YES;
				CLANG_ENABLE_OBJC_ARC = YES;
				CLANG_ENABLE_OBJC_WEAK = YES;
				CLANG_WARN_BLOCK_CAPTURE_AUTORELEASING = YES;
				CLANG_WARN_BOOL_CONVERSION = YES;
				CLANG_WARN_COMMA = YES;
				CLANG_WARN_CONSTANT_CONVERSION = YES;
				CLANG_WARN_DEPRECATED_OBJC_IMPLEMENTATIONS = YES;
				CLANG_WARN_DIRECT_OBJC_ISA_USAGE = YES_ERROR;
				CLANG_WARN_DOCUMENTATION_COMMENTS = YES;
				CLANG_WARN_EMPTY_BODY = YES;
				CLANG_WARN_ENUM_CONVERSION = YES;
				CLANG_WARN_INFINITE_RECURSION = YES;
				CLANG_WARN_INT_CONVERSION = YES;
				CLANG_WARN_NON_LITERAL_NULL_CONVERSION = YES;
				CLANG_WARN_OBJC_IMPLICIT_RETAIN_SELF = YES;
				CLANG_WARN_OBJC_LITERAL_CONVERSION = YES;
				CLANG_WARN_OBJC_ROOT_CLASS = YES_ERROR;
				CLANG_WARN_QUOTED_INCLUDE_IN_FRAMEWORK_HEADER = YES;
				CLANG_WARN_RANGE_LOOP_ANALYSIS = YES;
				CLANG_WARN_STRICT_PROTOTYPES = YES;
				CLANG_WARN_SUSPICIOUS_MOVE = YES;
				CLANG_WARN_UNGUARDED_AVAILABILITY = YES_AGGRESSIVE;
				CLANG_WARN_UNREACHABLE_CODE = YES;
				CLANG_WARN__DUPLICATE_METHOD_MATCH = YES;
				COPY_PHASE_STRIP = NO;
				DEBUG_INFORMATION_FORMAT = "dwarf-with-dsym";
				ENABLE_NS_ASSERTIONS = NO;
				ENABLE_STRICT_OBJC_MSGSEND = YES;
				ENABLE_USER_SCRIPT_SANDBOXING = YES;
				GCC_C_LANGUAGE_STANDARD = gnu17;
				GCC_NO_COMMON_BLOCKS = YES;
				GCC_WARN_64_TO_32_BIT_CONVERSION = YES;
				GCC_WARN_ABOUT_RETURN_TYPE = YES_ERROR;
				GCC_WARN_UNDECLARED_SELECTOR = YES;
				GCC_WARN_UNINITIALIZED_AUTOS = YES_AGGRESSIVE;
				GCC_WARN_UNUSED_FUNCTION = YES;
				GCC_WARN_UNUSED_VARIABLE = YES;
				IPHONEOS_DEPLOYMENT_TARGET = 17.4;
				LOCALIZATION_PREFERS_STRING_CATALOGS = YES;
				MTL_ENABLE_DEBUG_INFO = NO;
				MTL_FAST_MATH = YES;
				SDKROOT = iphoneos;
				SWIFT_COMPILATION_MODE = wholemodule;
				VALIDATE_PRODUCT = YES;
			};
			name = Release;
		};
		10DB6CFF2BFBB89400288EB2 /* Debug */ = {
			isa = XCBuildConfiguration;
			buildSettings = {
				ASSETCATALOG_COMPILER_APPICON_NAME = AppIcon;
				ASSETCATALOG_COMPILER_GLOBAL_ACCENT_COLOR_NAME = AccentColor;
				CODE_SIGN_STYLE = Automatic;
				CURRENT_PROJECT_VERSION = 1;
				DEVELOPMENT_ASSET_PATHS = "\"BusyBuilders/Preview Content\"";
				DEVELOPMENT_TEAM = 5S55F63U22;
				ENABLE_PREVIEWS = YES;
				GENERATE_INFOPLIST_FILE = YES;
				INFOPLIST_KEY_UIApplicationSceneManifest_Generation = YES;
				INFOPLIST_KEY_UIApplicationSupportsIndirectInputEvents = YES;
				INFOPLIST_KEY_UILaunchScreen_Generation = YES;
				INFOPLIST_KEY_UISupportedInterfaceOrientations_iPad = "UIInterfaceOrientationPortrait UIInterfaceOrientationPortraitUpsideDown UIInterfaceOrientationLandscapeLeft UIInterfaceOrientationLandscapeRight";
				INFOPLIST_KEY_UISupportedInterfaceOrientations_iPhone = "UIInterfaceOrientationPortrait UIInterfaceOrientationLandscapeLeft UIInterfaceOrientationLandscapeRight";
				LD_RUNPATH_SEARCH_PATHS = (
					"$(inherited)",
					"@executable_path/Frameworks",
				);
				MARKETING_VERSION = 1.0;
				PRODUCT_BUNDLE_IDENTIFIER = "com.kian-breslin.BusyBuilders";
				PRODUCT_NAME = "$(TARGET_NAME)";
				SWIFT_EMIT_LOC_STRINGS = YES;
				SWIFT_VERSION = 5.0;
				TARGETED_DEVICE_FAMILY = "1,2";
			};
			name = Debug;
		};
		10DB6D002BFBB89400288EB2 /* Release */ = {
			isa = XCBuildConfiguration;
			buildSettings = {
				ASSETCATALOG_COMPILER_APPICON_NAME = AppIcon;
				ASSETCATALOG_COMPILER_GLOBAL_ACCENT_COLOR_NAME = AccentColor;
				CODE_SIGN_STYLE = Automatic;
				CURRENT_PROJECT_VERSION = 1;
				DEVELOPMENT_ASSET_PATHS = "\"BusyBuilders/Preview Content\"";
				DEVELOPMENT_TEAM = 5S55F63U22;
				ENABLE_PREVIEWS = YES;
				GENERATE_INFOPLIST_FILE = YES;
				INFOPLIST_KEY_UIApplicationSceneManifest_Generation = YES;
				INFOPLIST_KEY_UIApplicationSupportsIndirectInputEvents = YES;
				INFOPLIST_KEY_UILaunchScreen_Generation = YES;
				INFOPLIST_KEY_UISupportedInterfaceOrientations_iPad = "UIInterfaceOrientationPortrait UIInterfaceOrientationPortraitUpsideDown UIInterfaceOrientationLandscapeLeft UIInterfaceOrientationLandscapeRight";
				INFOPLIST_KEY_UISupportedInterfaceOrientations_iPhone = "UIInterfaceOrientationPortrait UIInterfaceOrientationLandscapeLeft UIInterfaceOrientationLandscapeRight";
				LD_RUNPATH_SEARCH_PATHS = (
					"$(inherited)",
					"@executable_path/Frameworks",
				);
				MARKETING_VERSION = 1.0;
				PRODUCT_BUNDLE_IDENTIFIER = "com.kian-breslin.BusyBuilders";
				PRODUCT_NAME = "$(TARGET_NAME)";
				SWIFT_EMIT_LOC_STRINGS = YES;
				SWIFT_VERSION = 5.0;
				TARGETED_DEVICE_FAMILY = "1,2";
			};
			name = Release;
		};
/* End XCBuildConfiguration section */

/* Begin XCConfigurationList section */
		10DB6CEB2BFBB89200288EB2 /* Build configuration list for PBXProject "BusyBuilders" */ = {
			isa = XCConfigurationList;
			buildConfigurations = (
				10DB6CFC2BFBB89400288EB2 /* Debug */,
				10DB6CFD2BFBB89400288EB2 /* Release */,
			);
			defaultConfigurationIsVisible = 0;
			defaultConfigurationName = Release;
		};
		10DB6CFE2BFBB89400288EB2 /* Build configuration list for PBXNativeTarget "BusyBuilders" */ = {
			isa = XCConfigurationList;
			buildConfigurations = (
				10DB6CFF2BFBB89400288EB2 /* Debug */,
				10DB6D002BFBB89400288EB2 /* Release */,
			);
			defaultConfigurationIsVisible = 0;
			defaultConfigurationName = Release;
		};
/* End XCConfigurationList section */
	};
	rootObject = 10DB6CE82BFBB89200288EB2 /* Project object */;
}
